# This file is autogenerated, do not edit; changes may be undone by the next 'dep ensure'.


[[projects]]
  branch = "master"
  digest = "1:e68906461ad4d9de54eff7fa5545c7af513a73a8d9453f7c3824786964bfbd71"
  name = "github.com/eaciit/hoboexcel"
  packages = ["."]
  pruneopts = "UT"
  revision = "88c99167121ae153a86ac8e33757379f51484c2f"

[[projects]]
  digest = "1:ec6f9bf5e274c833c911923c9193867f3f18788c461f76f05f62bb1510e0ae65"
  name = "github.com/go-sql-driver/mysql"
  packages = ["."]
  pruneopts = "UT"
  revision = "72cd26f257d44c1114970e19afddcd812016007e"
  version = "v1.4.1"

[[projects]]
  digest = "1:bed9d72d596f94e65fff37f4d6c01398074a6bb1c3f3ceff963516bd01db6ff5"
  name = "github.com/gofrs/uuid"
  packages = ["."]
  pruneopts = "UT"
  revision = "6b08a5c5172ba18946672b49749cde22873dd7c2"
  version = "v3.2.0"

[[projects]]
  digest = "1:1a4463b400230c46b19676d74552bf24dfddc5287c0e4f3d86bcfec07ad3e666"
  name = "github.com/gojektech/heimdall"
  packages = [
    ".",
    "httpclient",
  ]
  pruneopts = "UT"
  revision = "d96502fee6ce808d44580bd44f1a168fa633bd66"
  version = "v5.0.2"

[[projects]]
  digest = "1:4f9da36d750deeff2ed82b44b15245337d1a2f1bf8a671c80f97059d7ce8517d"
  name = "github.com/gojektech/valkyrie"
  packages = ["."]
  pruneopts = "UT"
  revision = "6aee720afcdffc337029305c126e0079491063f0"
  version = "v1.0"

[[projects]]
  digest = "1:6c41d4f998a03b6604227ccad36edaed6126c397e5d78709ef4814a1145a6757"
  name = "github.com/jmoiron/sqlx"
  packages = [
    ".",
    "reflectx",
  ]
  pruneopts = "UT"
  revision = "d161d7a76b5661016ad0b085869f77fd410f3e6a"
  version = "v1.2.0"

[[projects]]
  digest = "1:cf31692c14422fa27c83a05292eb5cbe0fb2775972e8f1f8446a71549bd8980b"
  name = "github.com/pkg/errors"
  packages = ["."]
  pruneopts = "UT"
  revision = "ba968bfe8b2f7e042a574c888954fccecfa385b4"
  version = "v0.8.1"

[[projects]]
  branch = "master"
  digest = "1:44b9550f61e9c7c40bca0748a4b69c23fe3768967b2a1fdaf13ccf7fdfbc1b43"
  name = "github.com/plandem/ooxml"
  packages = [
    ".",
    "ml",
  ]
  pruneopts = "UT"
  revision = "94e08e588502acf53ffd38f4fa2b802c2b47a6a3"

[[projects]]
  branch = "master"
  digest = "1:be19b4ccc7d5dbbd3e8337825fc203d99398714ac27d4a725788c534ac4168c8"
  name = "github.com/plandem/xlsx"
  packages = [
    ".",
    "format",
    "internal",
    "internal/color",
    "internal/hash",
    "internal/ml",
    "internal/ml/primitives",
    "internal/number_format",
    "internal/number_format/convert",
    "options",
    "types",
  ]
  pruneopts = "UT"
  revision = "32c586e821decd7338911142072550d954b427d6"

[[projects]]
  digest = "1:c25289f43ac4a68d88b02245742347c94f1e108c534dda442188015ff80669b3"
  name = "google.golang.org/appengine"
  packages = ["cloudsql"]
  pruneopts = "UT"
  revision = "e9657d882bb81064595ca3b56cbe2546bbabf7b1"
  version = "v1.4.0"

[solve-meta]
  analyzer-name = "dep"
  analyzer-version = 1
  input-imports = [
    "github.com/eaciit/hoboexcel",
    "github.com/go-sql-driver/mysql",
    "github.com/gofrs/uuid",
    "github.com/gojektech/heimdall",
    "github.com/gojektech/heimdall/httpclient",
    "github.com/jmoiron/sqlx",
    "github.com/plandem/xlsx",
  ]
  solver-name = "gps-cdcl"
  solver-version = 1
